
Microsoft Visual Studio Solution File, Format Version 12.00
# Visual Studio Version 17
VisualStudioVersion = 17.5.33516.290
MinimumVisualStudioVersion = 10.0.40219.1
Project("{9A19103F-16F7-4668-BE54-9A1E7A4F7556}") = "TiendaVirtualDeIndumentaria", "TiendaVirtualDeIndumentaria.csproj", "{400A2DE8-37EC-4AE3-99DF-D812F07185C1}"
EndProject
Project("{9A19103F-16F7-4668-BE54-9A1E7A4F7556}") = "Logica", "..\Logica\Logica.csproj", "{F9541A74-BAD0-41EB-8180-272D206B2B99}"
EndProject
Project("{FAE04EC0-301F-11D3-BF4B-00C04F79EFBC}") = "TestMetodosProyecto", "..\TestMetodosProyecto\TestMetodosProyecto.csproj", "{F7891886-2312-412E-8E68-B3642A5E0920}"
EndProject
Global
	GlobalSection(SolutionConfigurationPlatforms) = preSolution
		Debug|Any CPU = Debug|Any CPU
		Release|Any CPU = Release|Any CPU
	EndGlobalSection
	GlobalSection(ProjectConfigurationPlatforms) = postSolution
		{400A2DE8-37EC-4AE3-99DF-D812F07185C1}.Debug|Any CPU.ActiveCfg = Debug|Any CPU
		{400A2DE8-37EC-4AE3-99DF-D812F07185C1}.Debug|Any CPU.Build.0 = Debug|Any CPU
		{400A2DE8-37EC-4AE3-99DF-D812F07185C1}.Release|Any CPU.ActiveCfg = Release|Any CPU
		{400A2DE8-37EC-4AE3-99DF-D812F07185C1}.Release|Any CPU.Build.0 = Release|Any CPU
		{F9541A74-BAD0-41EB-8180-272D206B2B99}.Debug|Any CPU.ActiveCfg = Debug|Any CPU
		{F9541A74-BAD0-41EB-8180-272D206B2B99}.Debug|Any CPU.Build.0 = Debug|Any CPU
		{F9541A74-BAD0-41EB-8180-272D206B2B99}.Release|Any CPU.ActiveCfg = Release|Any CPU
		{F9541A74-BAD0-41EB-8180-272D206B2B99}.Release|Any CPU.Build.0 = Release|Any CPU
		{F7891886-2312-412E-8E68-B3642A5E0920}.Debug|Any CPU.ActiveCfg = Debug|Any CPU
		{F7891886-2312-412E-8E68-B3642A5E0920}.Debug|Any CPU.Build.0 = Debug|Any CPU
		{F7891886-2312-412E-8E68-B3642A5E0920}.Release|Any CPU.ActiveCfg = Release|Any CPU
		{F7891886-2312-412E-8E68-B3642A5E0920}.Release|Any CPU.Build.0 = Release|Any CPU
	EndGlobalSection
	GlobalSection(SolutionProperties) = preSolution
		HideSolutionNode = FALSE
	EndGlobalSection
	GlobalSection(ExtensibilityGlobals) = postSolution
		SolutionGuid = {D761E9E0-E15C-40C5-AF33-93FE87BCF2D5}
	EndGlobalSection
EndGlobal
